
Microsoft Visual Studio Solution File, Format Version 12.00
# Visual Studio Version 16
VisualStudioVersion = 16.0.30413.136
MinimumVisualStudioVersion = 10.0.40219.1
Project("{FAE04EC0-301F-11D3-BF4B-00C04F79EFBC}") = "HashingTool", "HashingTool\HashingTool.csproj", "{3C42E3EF-5094-4D40-A273-154C79DF1F1C}"
EndProject
Global
	GlobalSection(SolutionConfigurationPlatforms) = preSolution
		Debug|Any CPU = Debug|Any CPU
		Release|Any CPU = Release|Any CPU
	EndGlobalSection
	GlobalSection(ProjectConfigurationPlatforms) = postSolution
		{3C42E3EF-5094-4D40-A273-154C79DF1F1C}.Debug|Any CPU.ActiveCfg = Debug|Any CPU
		{3C42E3EF-5094-4D40-A273-154C79DF1F1C}.Debug|Any CPU.Build.0 = Debug|Any CPU
		{3C42E3EF-5094-4D40-A273-154C79DF1F1C}.Release|Any CPU.ActiveCfg = Release|Any CPU
		{3C42E3EF-5094-4D40-A273-154C79DF1F1C}.Release|Any CPU.Build.0 = Release|Any CPU
	EndGlobalSection
	GlobalSection(SolutionProperties) = preSolution
		HideSolutionNode = FALSE
	EndGlobalSection
	GlobalSection(ExtensibilityGlobals) = postSolution
		SolutionGuid = {2970274E-6375-4B33-8183-F86BDA03A0D1}
	EndGlobalSection
EndGlobal
